
Microsoft Visual Studio Solution File, Format Version 12.00
# Visual Studio Version 16
VisualStudioVersion = 16.0.32002.261
MinimumVisualStudioVersion = 10.0.40219.1
Project("{9A19103F-16F7-4668-BE54-9A1E7A4F7556}") = "Domain", "ClassLibrary1\Domain.csproj", "{EC26A5BA-70F3-470F-944E-96C4C244FE9E}"
EndProject
Project("{9A19103F-16F7-4668-BE54-9A1E7A4F7556}") = "Data", "Data\Data.csproj", "{9B481F10-6925-46DD-9102-A7628D24A43A}"
EndProject
Project("{FAE04EC0-301F-11D3-BF4B-00C04F79EFBC}") = "WebApplication1", "WebApplication1\WebApplication1.csproj", "{12B6B218-A0C7-46BC-A9AB-1F57216B929B}"
EndProject
Global
	GlobalSection(SolutionConfigurationPlatforms) = preSolution
		Debug|Any CPU = Debug|Any CPU
		Release|Any CPU = Release|Any CPU
	EndGlobalSection
	GlobalSection(ProjectConfigurationPlatforms) = postSolution
		{EC26A5BA-70F3-470F-944E-96C4C244FE9E}.Debug|Any CPU.ActiveCfg = Debug|Any CPU
		{EC26A5BA-70F3-470F-944E-96C4C244FE9E}.Debug|Any CPU.Build.0 = Debug|Any CPU
		{EC26A5BA-70F3-470F-944E-96C4C244FE9E}.Release|Any CPU.ActiveCfg = Release|Any CPU
		{EC26A5BA-70F3-470F-944E-96C4C244FE9E}.Release|Any CPU.Build.0 = Release|Any CPU
		{9B481F10-6925-46DD-9102-A7628D24A43A}.Debug|Any CPU.ActiveCfg = Debug|Any CPU
		{9B481F10-6925-46DD-9102-A7628D24A43A}.Debug|Any CPU.Build.0 = Debug|Any CPU
		{9B481F10-6925-46DD-9102-A7628D24A43A}.Release|Any CPU.ActiveCfg = Release|Any CPU
		{9B481F10-6925-46DD-9102-A7628D24A43A}.Release|Any CPU.Build.0 = Release|Any CPU
		{12B6B218-A0C7-46BC-A9AB-1F57216B929B}.Debug|Any CPU.ActiveCfg = Debug|Any CPU
		{12B6B218-A0C7-46BC-A9AB-1F57216B929B}.Debug|Any CPU.Build.0 = Debug|Any CPU
		{12B6B218-A0C7-46BC-A9AB-1F57216B929B}.Release|Any CPU.ActiveCfg = Release|Any CPU
		{12B6B218-A0C7-46BC-A9AB-1F57216B929B}.Release|Any CPU.Build.0 = Release|Any CPU
	EndGlobalSection
	GlobalSection(SolutionProperties) = preSolution
		HideSolutionNode = FALSE
	EndGlobalSection
	GlobalSection(ExtensibilityGlobals) = postSolution
		SolutionGuid = {DA8051C1-85DB-4D40-99CF-2A28CDF16574}
	EndGlobalSection
EndGlobal
